
Microsoft Visual Studio Solution File, Format Version 12.00
# Visual Studio Version 16
VisualStudioVersion = 16.0.31025.194
MinimumVisualStudioVersion = 10.0.40219.1
Project("{FAE04EC0-301F-11D3-BF4B-00C04F79EFBC}") = "ST", "ST.csproj", "{154277B6-B041-425A-B578-79157F347B7A}"
EndProject
Global
	GlobalSection(SolutionConfigurationPlatforms) = preSolution
		Debug|Any CPU = Debug|Any CPU
		Release|Any CPU = Release|Any CPU
	EndGlobalSection
	GlobalSection(ProjectConfigurationPlatforms) = postSolution
		{154277B6-B041-425A-B578-79157F347B7A}.Debug|Any CPU.ActiveCfg = Debug|Any CPU
		{154277B6-B041-425A-B578-79157F347B7A}.Debug|Any CPU.Build.0 = Debug|Any CPU
		{154277B6-B041-425A-B578-79157F347B7A}.Release|Any CPU.ActiveCfg = Release|Any CPU
		{154277B6-B041-425A-B578-79157F347B7A}.Release|Any CPU.Build.0 = Release|Any CPU
	EndGlobalSection
	GlobalSection(SolutionProperties) = preSolution
		HideSolutionNode = FALSE
	EndGlobalSection
	GlobalSection(ExtensibilityGlobals) = postSolution
		SolutionGuid = {3772364D-C04D-4B60-8921-2A39028160AE}
	EndGlobalSection
EndGlobal
